
Microsoft Visual Studio Solution File, Format Version 12.00
# Visual Studio Version 17
VisualStudioVersion = 17.2.32616.157
MinimumVisualStudioVersion = 10.0.40219.1
Project("{F184B08F-C81C-45F6-A57F-5ABD9991F28F}") = "BMP2JPG", "BMP2JPG.vbproj", "{329F56D6-2670-4B8E-BB01-AC3B981BE828}"
EndProject
Global
	GlobalSection(SolutionConfigurationPlatforms) = preSolution
		Debug|Any CPU = Debug|Any CPU
		Release|Any CPU = Release|Any CPU
	EndGlobalSection
	GlobalSection(ProjectConfigurationPlatforms) = postSolution
		{329F56D6-2670-4B8E-BB01-AC3B981BE828}.Debug|Any CPU.ActiveCfg = Debug|Any CPU
		{329F56D6-2670-4B8E-BB01-AC3B981BE828}.Debug|Any CPU.Build.0 = Debug|Any CPU
		{329F56D6-2670-4B8E-BB01-AC3B981BE828}.Release|Any CPU.ActiveCfg = Release|Any CPU
		{329F56D6-2670-4B8E-BB01-AC3B981BE828}.Release|Any CPU.Build.0 = Release|Any CPU
	EndGlobalSection
	GlobalSection(SolutionProperties) = preSolution
		HideSolutionNode = FALSE
	EndGlobalSection
	GlobalSection(ExtensibilityGlobals) = postSolution
		SolutionGuid = {A6405E8F-CA56-4E95-8CEB-1D8E6D8743F5}
	EndGlobalSection
EndGlobal
